{
  "version": 4,
  "terraform_version": "1.9.3",
  "serial": 9,
  "lineage": "2b280ff5-175a-970c-9427-d007a3085fe7",
  "outputs": {},
  "resources": [
    {
      "mode": "managed",
      "type": "virtualbox_vm",
      "name": "node",
      "provider": "provider[\"registry.terraform.io/terra-farm/virtualbox\"]",
      "instances": [
        {
          "index_key": 0,
          "status": "tainted",
          "schema_version": 0,
          "attributes": {
            "boot_order": null,
            "checksum": null,
            "checksum_type": null,
            "cpus": 2,
            "id": "b612ca06-144a-4b5e-b252-75539a76455f",
            "image": "https://app.vagrantup.com/alvistack/boxes/ubuntu-24.04/versions/20240726.0.0/providers/virtualbox/unknown/vagrant.box",
            "memory": "1.0 gib",
            "name": "node-01",
            "network_adapter": [
              {
                "device": "IntelPro1000MTDesktop",
                "host_interface": "",
                "ipv4_address": "",
                "ipv4_address_available": "",
                "mac_address": "",
                "status": "",
                "type": "nat"
              }
            ],
            "optical_disks": null,
            "status": "running",
            "url": null,
            "user_data": ""
          },
          "sensitive_attributes": [],
          "private": "bnVsbA=="
        }
      ]
    }
  ],
  "check_results": null
}
